Microsoft Visual Studio Solution File, Format Version 1.105
Project("{FAE04EC0-301F-11D3-BF4B-00C04F79EFBC}") = "AmongUsUnknownImpostors", "AmongUsUnknownImpostors\AmongUsUnknownImpostors.csproj", "{11FBC798-BAF5-4EE5-9511-BE6DB0592F99}"
EndProject
Global
	GlobalSection(SolutionConfigurationPlatforms) = preSolution
		Debug|Any CPU = Debug|Any CPU
		Release|Any CPU = Release|Any CPU
		Debug|x64 = Debug|x64
		Release|x64 = Release|x64
	EndGlobalSection
	GlobalSection(ProjectConfigurationPlatforms) = postSolution
		{11FBC798-BAF5-4EE5-9511-BE6DB0592F99}.Debug|Any CPU.ActiveCfg = Debug|Any CPU
		{11FBC798-BAF5-4EE5-9511-BE6DB0592F99}.Debug|Any CPU.Build.0 = Debug|Any CPU
		{11FBC798-BAF5-4EE5-9511-BE6DB0592F99}.Release|Any CPU.ActiveCfg = Release|Any CPU
		{11FBC798-BAF5-4EE5-9511-BE6DB0592F99}.Release|Any CPU.Build.0 = Release|Any CPU
		{11FBC798-BAF5-4EE5-9511-BE6DB0592F99}.Debug|x64.ActiveCfg = Debug|x64
		{11FBC798-BAF5-4EE5-9511-BE6DB0592F99}.Debug|x64.Build.0 = Debug|x64
		{11FBC798-BAF5-4EE5-9511-BE6DB0592F99}.Release|x64.ActiveCfg = Release|x64
		{11FBC798-BAF5-4EE5-9511-BE6DB0592F99}.Release|x64.Build.0 = Release|x64
	EndGlobalSection
EndGlobal
